
Microsoft Visual Studio Solution File, Format Version 12.00
# Visual Studio Version 17
VisualStudioVersion = 17.2.32526.322
MinimumVisualStudioVersion = 10.0.40219.1
Project("{9A19103F-16F7-4668-BE54-9A1E7A4F7556}") = "task-cli", "task-cli.csproj", "{798ACFFD-35BD-4848-875C-460CC0448CFC}"
EndProject
Global
	GlobalSection(SolutionConfigurationPlatforms) = preSolution
		Debug|Any CPU = Debug|Any CPU
		Release|Any CPU = Release|Any CPU
	EndGlobalSection
	GlobalSection(ProjectConfigurationPlatforms) = postSolution
		{798ACFFD-35BD-4848-875C-460CC0448CFC}.Debug|Any CPU.ActiveCfg = Debug|Any CPU
		{798ACFFD-35BD-4848-875C-460CC0448CFC}.Debug|Any CPU.Build.0 = Debug|Any CPU
		{798ACFFD-35BD-4848-875C-460CC0448CFC}.Release|Any CPU.ActiveCfg = Release|Any CPU
		{798ACFFD-35BD-4848-875C-460CC0448CFC}.Release|Any CPU.Build.0 = Release|Any CPU
	EndGlobalSection
	GlobalSection(SolutionProperties) = preSolution
		HideSolutionNode = FALSE
	EndGlobalSection
	GlobalSection(ExtensibilityGlobals) = postSolution
		SolutionGuid = {802A7451-3F43-4C60-A077-05B9D32AB9D2}
	EndGlobalSection
EndGlobal
